
Microsoft Visual Studio Solution File, Format Version 12.00
# Visual Studio 15
VisualStudioVersion = 15.0.27428.2002
MinimumVisualStudioVersion = 10.0.40219.1
Project("{6EC3EE1D-3C4E-46DD-8F32-0CC8E7565705}") = "yearch", "yearch\yearch.fsproj", "{E3110119-67B8-43D2-8E38-8C08D98006DF}"
EndProject
Global
	GlobalSection(SolutionConfigurationPlatforms) = preSolution
		Debug|Any CPU = Debug|Any CPU
		Release|Any CPU = Release|Any CPU
	EndGlobalSection
	GlobalSection(ProjectConfigurationPlatforms) = postSolution
		{E3110119-67B8-43D2-8E38-8C08D98006DF}.Debug|Any CPU.ActiveCfg = Debug|Any CPU
		{E3110119-67B8-43D2-8E38-8C08D98006DF}.Debug|Any CPU.Build.0 = Debug|Any CPU
		{E3110119-67B8-43D2-8E38-8C08D98006DF}.Release|Any CPU.ActiveCfg = Release|Any CPU
		{E3110119-67B8-43D2-8E38-8C08D98006DF}.Release|Any CPU.Build.0 = Release|Any CPU
	EndGlobalSection
	GlobalSection(SolutionProperties) = preSolution
		HideSolutionNode = FALSE
	EndGlobalSection
	GlobalSection(ExtensibilityGlobals) = postSolution
		SolutionGuid = {8C314755-2B07-49C4-889A-646503021C1F}
	EndGlobalSection
EndGlobal
